// !$*UTF8*$!
{
	archiveVersion = 1;
	classes = {
	};
	objectVersion = 50;
	objects = {

/* Begin PBXBuildFile section */
		34CF55232655043500B0DCF7 /* swiftui_unit_converterApp.swift in Sources */ = {isa = PBXBuildFile; fileRef = 34CF55102655043400B0DCF7 /* swiftui_unit_converterApp.swift */; };
		34CF55242655043500B0DCF7 /* swiftui_unit_converterApp.swift in Sources */ = {isa = PBXBuildFile; fileRef = 34CF55102655043400B0DCF7 /* swiftui_unit_converterApp.swift */; };
		34CF55252655043500B0DCF7 /* ContentView.swift in Sources */ = {isa = PBXBuildFile; fileRef = 34CF55112655043400B0DCF7 /* ContentView.swift */; };
		34CF55262655043500B0DCF7 /* ContentView.swift in Sources */ = {isa = PBXBuildFile; fileRef = 34CF55112655043400B0DCF7 /* ContentView.swift */; };
		34CF55272655043500B0DCF7 /* Assets.xcassets in Resources */ = {isa = PBXBuildFile; fileRef = 34CF55122655043400B0DCF7 /* Assets.xcassets */; };
		34CF55282655043500B0DCF7 /* Assets.xcassets in Resources */ = {isa = PBXBuildFile; fileRef = 34CF55122655043400B0DCF7 /* Assets.xcassets */; };
/* End PBXBuildFile section */

/* Begin PBXFileReference section */
		34CF55102655043400B0DCF7 /* swiftui_unit_converterApp.swift */ = {isa = PBXFileReference; lastKnownFileType = sourcecode.swift; path = swiftui_unit_converterApp.swift; sourceTree = "<group>"; };
		34CF55112655043400B0DCF7 /* ContentView.swift */ = {isa = PBXFileReference; lastKnownFileType = sourcecode.swift; path = ContentView.swift; sourceTree = "<group>"; };
		34CF55122655043400B0DCF7 /* Assets.xcassets */ = {isa = PBXFileReference; lastKnownFileType = folder.assetcatalog; path = Assets.xcassets; sourceTree = "<group>"; };
		34CF55172655043500B0DCF7 /* swiftui-unit-converter.app */ = {isa = PBXFileReference; explicitFileType = wrapper.application; includeInIndex = 0; path = "swiftui-unit-converter.app"; sourceTree = BUILT_PRODUCTS_DIR; };
		34CF551A2655043500B0DCF7 /* Info.plist */ = {isa = PBXFileReference; lastKnownFileType = text.plist.xml; path = Info.plist; sourceTree = "<group>"; };
		34CF551F2655043500B0DCF7 /* swiftui-unit-converter.app */ = {isa = PBXFileReference; explicitFileType = wrapper.application; includeInIndex = 0; path = "swiftui-unit-converter.app"; sourceTree = BUILT_PRODUCTS_DIR; };
		34CF55212655043500B0DCF7 /* Info.plist */ = {isa = PBXFileReference; lastKnownFileType = text.plist.xml; path = Info.plist; sourceTree = "<group>"; };
		34CF55222655043500B0DCF7 /* macOS.entitlements */ = {isa = PBXFileReference; lastKnownFileType = text.plist.entitlements; path = macOS.entitlements; sourceTree = "<group>"; };
/* End PBXFileReference section */

/* Begin PBXFrameworksBuildPhase section */
		34CF55142655043500B0DCF7 /* Frameworks */ = {
			isa = PBXFrameworksBuildPhase;
			buildActionMask = 2147483647;
			files = (
			);
			runOnlyForDeploymentPostprocessing = 0;
		};
		34CF551C2655043500B0DCF7 /* Frameworks */ = {
			isa = PBXFrameworksBuildPhase;
			buildActionMask = 2147483647;
			files = (
			);
			runOnlyForDeploymentPostprocessing = 0;
		};
/* End PBXFrameworksBuildPhase section */

/* Begin PBXGroup section */
		34CF550A2655043400B0DCF7 = {
			isa = PBXGroup;
			children = (
				34CF550F2655043400B0DCF7 /* Shared */,
				34CF55192655043500B0DCF7 /* iOS */,
				34CF55202655043500B0DCF7 /* macOS */,
				34CF55182655043500B0DCF7 /* Products */,
			);
			sourceTree = "<group>";
		};
		34CF550F2655043400B0DCF7 /* Shared */ = {
			isa = PBXGroup;
			children = (
				34CF55102655043400B0DCF7 /* swiftui_unit_converterApp.swift */,
				34CF55112655043400B0DCF7 /* ContentView.swift */,
				34CF55122655043400B0DCF7 /* Assets.xcassets */,
			);
			path = Shared;
			sourceTree = "<group>";
		};
		34CF55182655043500B0DCF7 /* Products */ = {
			isa = PBXGroup;
			children = (
				34CF55172655043500B0DCF7 /* swiftui-unit-converter.app */,
				34CF551F2655043500B0DCF7 /* swiftui-unit-converter.app */,
			);
			name = Products;
			sourceTree = "<group>";
		};
		34CF55192655043500B0DCF7 /* iOS */ = {
			isa = PBXGroup;
			children = (
				34CF551A2655043500B0DCF7 /* Info.plist */,
			);
			path = iOS;
			sourceTree = "<group>";
		};
		34CF55202655043500B0DCF7 /* macOS */ = {
			isa = PBXGroup;
			children = (
				34CF55212655043500B0DCF7 /* Info.plist */,
				34CF55222655043500B0DCF7 /* macOS.entitlements */,
			);
			path = macOS;
			sourceTree = "<group>";
		};
/* End PBXGroup section */

/* Begin PBXNativeTarget section */
		34CF55162655043500B0DCF7 /* swiftui-unit-converter (iOS) */ = {
			isa = PBXNativeTarget;
			buildConfigurationList = 34CF552B2655043500B0DCF7 /* Build configuration list for PBXNativeTarget "swiftui-unit-converter (iOS)" */;
			buildPhases = (
				34CF55132655043500B0DCF7 /* Sources */,
				34CF55142655043500B0DCF7 /* Frameworks */,
				34CF55152655043500B0DCF7 /* Resources */,
			);
			buildRules = (
			);
			dependencies = (
			);
			name = "swiftui-unit-converter (iOS)";
			productName = "swiftui-unit-converter (iOS)";
			productReference = 34CF55172655043500B0DCF7 /* swiftui-unit-converter.app */;
			productType = "com.apple.product-type.application";
		};
		34CF551E2655043500B0DCF7 /* swiftui-unit-converter (macOS) */ = {
			isa = PBXNativeTarget;
			buildConfigurationList = 34CF552E2655043500B0DCF7 /* Build configuration list for PBXNativeTarget "swiftui-unit-converter (macOS)" */;
			buildPhases = (
				34CF551B2655043500B0DCF7 /* Sources */,
				34CF551C2655043500B0DCF7 /* Frameworks */,
				34CF551D2655043500B0DCF7 /* Resources */,
			);
			buildRules = (
			);
			dependencies = (
			);
			name = "swiftui-unit-converter (macOS)";
			productName = "swiftui-unit-converter (macOS)";
			productReference = 34CF551F2655043500B0DCF7 /* swiftui-unit-converter.app */;
			productType = "com.apple.product-type.application";
		};
/* End PBXNativeTarget section */

/* Begin PBXProject section */
		34CF550B2655043400B0DCF7 /* Project object */ = {
			isa = PBXProject;
			attributes = {
				LastSwiftUpdateCheck = 1250;
				LastUpgradeCheck = 1250;
				TargetAttributes = {
					34CF55162655043500B0DCF7 = {
						CreatedOnToolsVersion = 12.5;
					};
					34CF551E2655043500B0DCF7 = {
						CreatedOnToolsVersion = 12.5;
					};
				};
			};
			buildConfigurationList = 34CF550E2655043400B0DCF7 /* Build configuration list for PBXProject "swiftui-unit-converter" */;
			compatibilityVersion = "Xcode 9.3";
			developmentRegion = en;
			hasScannedForEncodings = 0;
			knownRegions = (
				en,
				Base,
			);
			mainGroup = 34CF550A2655043400B0DCF7;
			productRefGroup = 34CF55182655043500B0DCF7 /* Products */;
			projectDirPath = "";
			projectRoot = "";
			targets = (
				34CF55162655043500B0DCF7 /* swiftui-unit-converter (iOS) */,
				34CF551E2655043500B0DCF7 /* swiftui-unit-converter (macOS) */,
			);
		};
/* End PBXProject section */

/* Begin PBXResourcesBuildPhase section */
		34CF55152655043500B0DCF7 /* Resources */ = {
			isa = PBXResourcesBuildPhase;
			buildActionMask = 2147483647;
			files = (
				34CF55272655043500B0DCF7 /* Assets.xcassets in Resources */,
			);
			runOnlyForDeploymentPostprocessing = 0;
		};
		34CF551D2655043500B0DCF7 /* Resources */ = {
			isa = PBXResourcesBuildPhase;
			buildActionMask = 2147483647;
			files = (
				34CF55282655043500B0DCF7 /* Assets.xcassets in Resources */,
			);
			runOnlyForDeploymentPostprocessing = 0;
		};
/* End PBXResourcesBuildPhase section */

/* Begin PBXSourcesBuildPhase section */
		34CF55132655043500B0DCF7 /* Sources */ = {
			isa = PBXSourcesBuildPhase;
			buildActionMask = 2147483647;
			files = (
				34CF55252655043500B0DCF7 /* ContentView.swift in Sources */,
				34CF55232655043500B0DCF7 /* swiftui_unit_converterApp.swift in Sources */,
			);
			runOnlyForDeploymentPostprocessing = 0;
		};
		34CF551B2655043500B0DCF7 /* Sources */ = {
			isa = PBXSourcesBuildPhase;
			buildActionMask = 2147483647;
			files = (
				34CF55262655043500B0DCF7 /* ContentView.swift in Sources */,
				34CF55242655043500B0DCF7 /* swiftui_unit_converterApp.swift in Sources */,
			);
			runOnlyForDeploymentPostprocessing = 0;
		};
/* End PBXSourcesBuildPhase section */

/* Begin XCBuildConfiguration section */
		34CF55292655043500B0DCF7 /* Debug */ = {
			isa = XCBuildConfiguration;
			buildSettings = {
				ALWAYS_SEARCH_USER_PATHS = NO;
				CLANG_ANALYZER_NONNULL = YES;
				CLANG_ANALYZER_NUMBER_OBJECT_CONVERSION = YES_AGGRESSIVE;
				CLANG_CXX_LANGUAGE_STANDARD = "gnu++14";
				CLANG_CXX_LIBRARY = "libc++";
				CLANG_ENABLE_MODULES = YES;
				CLANG_ENABLE_OBJC_ARC = YES;
				CLANG_ENABLE_OBJC_WEAK = YES;
				CLANG_WARN_BLOCK_CAPTURE_AUTORELEASING = YES;
				CLANG_WARN_BOOL_CONVERSION = YES;
				CLANG_WARN_COMMA = YES;
				CLANG_WARN_CONSTANT_CONVERSION = YES;
				CLANG_WARN_DEPRECATED_OBJC_IMPLEMENTATIONS = YES;
				CLANG_WARN_DIRECT_OBJC_ISA_USAGE = YES_ERROR;
				CLANG_WARN_DOCUMENTATION_COMMENTS = YES;
				CLANG_WARN_EMPTY_BODY = YES;
				CLANG_WARN_ENUM_CONVERSION = YES;
				CLANG_WARN_INFINITE_RECURSION = YES;
				CLANG_WARN_INT_CONVERSION = YES;
				CLANG_WARN_NON_LITERAL_NULL_CONVERSION = YES;
				CLANG_WARN_OBJC_IMPLICIT_RETAIN_SELF = YES;
				CLANG_WARN_OBJC_LITERAL_CONVERSION = YES;
				CLANG_WARN_OBJC_ROOT_CLASS = YES_ERROR;
				CLANG_WARN_QUOTED_INCLUDE_IN_FRAMEWORK_HEADER = YES;
				CLANG_WARN_RANGE_LOOP_ANALYSIS = YES;
				CLANG_WARN_STRICT_PROTOTYPES = YES;
				CLANG_WARN_SUSPICIOUS_MOVE = YES;
				CLANG_WARN_UNGUARDED_AVAILABILITY = YES_AGGRESSIVE;
				CLANG_WARN_UNREACHABLE_CODE = YES;
				CLANG_WARN__DUPLICATE_METHOD_MATCH = YES;
				COPY_PHASE_STRIP = NO;
				DEBUG_INFORMATION_FORMAT = dwarf;
				ENABLE_STRICT_OBJC_MSGSEND = YES;
				ENABLE_TESTABILITY = YES;
				GCC_C_LANGUAGE_STANDARD = gnu11;
				GCC_DYNAMIC_NO_PIC = NO;
				GCC_NO_COMMON_BLOCKS = YES;
				GCC_OPTIMIZATION_LEVEL = 0;
				GCC_PREPROCESSOR_DEFINITIONS = (
					"DEBUG=1",
					"$(inherited)",
				);
				GCC_WARN_64_TO_32_BIT_CONVERSION = YES;
				GCC_WARN_ABOUT_RETURN_TYPE = YES_ERROR;
				GCC_WARN_UNDECLARED_SELECTOR = YES;
				GCC_WARN_UNINITIALIZED_AUTOS = YES_AGGRESSIVE;
				GCC_WARN_UNUSED_FUNCTION = YES;
				GCC_WARN_UNUSED_VARIABLE = YES;
				MTL_ENABLE_DEBUG_INFO = INCLUDE_SOURCE;
				MTL_FAST_MATH = YES;
				ONLY_ACTIVE_ARCH = YES;
				SWIFT_ACTIVE_COMPILATION_CONDITIONS = DEBUG;
				SWIFT_OPTIMIZATION_LEVEL = "-Onone";
			};
			name = Debug;
		};
		34CF552A2655043500B0DCF7 /* Release */ = {
			isa = XCBuildConfiguration;
			buildSettings = {
				ALWAYS_SEARCH_USER_PATHS = NO;
				CLANG_ANALYZER_NONNULL = YES;
				CLANG_ANALYZER_NUMBER_OBJECT_CONVERSION = YES_AGGRESSIVE;
				CLANG_CXX_LANGUAGE_STANDARD = "gnu++14";
				CLANG_CXX_LIBRARY = "libc++";
				CLANG_ENABLE_MODULES = YES;
				CLANG_ENABLE_OBJC_ARC = YES;
				CLANG_ENABLE_OBJC_WEAK = YES;
				CLANG_WARN_BLOCK_CAPTURE_AUTORELEASING = YES;
				CLANG_WARN_BOOL_CONVERSION = YES;
				CLANG_WARN_COMMA = YES;
				CLANG_WARN_CONSTANT_CONVERSION = YES;
				CLANG_WARN_DEPRECATED_OBJC_IMPLEMENTATIONS = YES;
				CLANG_WARN_DIRECT_OBJC_ISA_USAGE = YES_ERROR;
				CLANG_WARN_DOCUMENTATION_COMMENTS = YES;
				CLANG_WARN_EMPTY_BODY = YES;
				CLANG_WARN_ENUM_CONVERSION = YES;
				CLANG_WARN_INFINITE_RECURSION = YES;
				CLANG_WARN_INT_CONVERSION = YES;
				CLANG_WARN_NON_LITERAL_NULL_CONVERSION = YES;
				CLANG_WARN_OBJC_IMPLICIT_RETAIN_SELF = YES;
				CLANG_WARN_OBJC_LITERAL_CONVERSION = YES;
				CLANG_WARN_OBJC_ROOT_CLASS = YES_ERROR;
				CLANG_WARN_QUOTED_INCLUDE_IN_FRAMEWORK_HEADER = YES;
				CLANG_WARN_RANGE_LOOP_ANALYSIS = YES;
				CLANG_WARN_STRICT_PROTOTYPES = YES;
				CLANG_WARN_SUSPICIOUS_MOVE = YES;
				CLANG_WARN_UNGUARDED_AVAILABILITY = YES_AGGRESSIVE;
				CLANG_WARN_UNREACHABLE_CODE = YES;
				CLANG_WARN__DUPLICATE_METHOD_MATCH = YES;
				COPY_PHASE_STRIP = NO;
				DEBUG_INFORMATION_FORMAT = "dwarf-with-dsym";
				ENABLE_NS_ASSERTIONS = NO;
				ENABLE_STRICT_OBJC_MSGSEND = YES;
				GCC_C_LANGUAGE_STANDARD = gnu11;
				GCC_NO_COMMON_BLOCKS = YES;
				GCC_WARN_64_TO_32_BIT_CONVERSION = YES;
				GCC_WARN_ABOUT_RETURN_TYPE = YES_ERROR;
				GCC_WARN_UNDECLARED_SELECTOR = YES;
				GCC_WARN_UNINITIALIZED_AUTOS = YES_AGGRESSIVE;
				GCC_WARN_UNUSED_FUNCTION = YES;
				GCC_WARN_UNUSED_VARIABLE = YES;
				MTL_ENABLE_DEBUG_INFO = NO;
				MTL_FAST_MATH = YES;
				SWIFT_COMPILATION_MODE = wholemodule;
				SWIFT_OPTIMIZATION_LEVEL = "-O";
			};
			name = Release;
		};
		34CF552C2655043500B0DCF7 /* Debug */ = {
			isa = XCBuildConfiguration;
			buildSettings = {
				ASSETCATALOG_COMPILER_APPICON_NAME = AppIcon;
				ASSETCATALOG_COMPILER_GLOBAL_ACCENT_COLOR_NAME = AccentColor;
				CODE_SIGN_STYLE = Automatic;
				DEVELOPMENT_TEAM = YBVLTH5SD7;
				ENABLE_PREVIEWS = YES;
				INFOPLIST_FILE = iOS/Info.plist;
				IPHONEOS_DEPLOYMENT_TARGET = 14.0;
				LD_RUNPATH_SEARCH_PATHS = (
					"$(inherited)",
					"@executable_path/Frameworks",
				);
				PRODUCT_BUNDLE_IDENTIFIER = "com.flamingarch.swiftui-unit-converter";
				PRODUCT_NAME = "swiftui-unit-converter";
				SDKROOT = iphoneos;
				SWIFT_VERSION = 5.0;
				TARGETED_DEVICE_FAMILY = "1,2";
			};
			name = Debug;
		};
		34CF552D2655043500B0DCF7 /* Release */ = {
			isa = XCBuildConfiguration;
			buildSettings = {
				ASSETCATALOG_COMPILER_APPICON_NAME = AppIcon;
				ASSETCATALOG_COMPILER_GLOBAL_ACCENT_COLOR_NAME = AccentColor;
				CODE_SIGN_STYLE = Automatic;
				DEVELOPMENT_TEAM = YBVLTH5SD7;
				ENABLE_PREVIEWS = YES;
				INFOPLIST_FILE = iOS/Info.plist;
				IPHONEOS_DEPLOYMENT_TARGET = 14.0;
				LD_RUNPATH_SEARCH_PATHS = (
					"$(inherited)",
					"@executable_path/Frameworks",
				);
				PRODUCT_BUNDLE_IDENTIFIER = "com.flamingarch.swiftui-unit-converter";
				PRODUCT_NAME = "swiftui-unit-converter";
				SDKROOT = iphoneos;
				SWIFT_VERSION = 5.0;
				TARGETED_DEVICE_FAMILY = "1,2";
				VALIDATE_PRODUCT = YES;
			};
			name = Release;
		};
		34CF552F2655043500B0DCF7 /* Debug */ = {
			isa = XCBuildConfiguration;
			buildSettings = {
				ASSETCATALOG_COMPILER_APPICON_NAME = AppIcon;
				ASSETCATALOG_COMPILER_GLOBAL_ACCENT_COLOR_NAME = AccentColor;
				CODE_SIGN_ENTITLEMENTS = macOS/macOS.entitlements;
				CODE_SIGN_STYLE = Automatic;
				COMBINE_HIDPI_IMAGES = YES;
				DEVELOPMENT_TEAM = YBVLTH5SD7;
				ENABLE_HARDENED_RUNTIME = YES;
				ENABLE_PREVIEWS = YES;
				INFOPLIST_FILE = macOS/Info.plist;
				LD_RUNPATH_SEARCH_PATHS = (
					"$(inherited)",
					"@executable_path/../Frameworks",
				);
				MACOSX_DEPLOYMENT_TARGET = 11.0;
				PRODUCT_BUNDLE_IDENTIFIER = "com.flamingarch.swiftui-unit-converter";
				PRODUCT_NAME = "swiftui-unit-converter";
				SDKROOT = macosx;
				SWIFT_VERSION = 5.0;
			};
			name = Debug;
		};
		34CF55302655043500B0DCF7 /* Release */ = {
			isa = XCBuildConfiguration;
			buildSettings = {
				ASSETCATALOG_COMPILER_APPICON_NAME = AppIcon;
				ASSETCATALOG_COMPILER_GLOBAL_ACCENT_COLOR_NAME = AccentColor;
				CODE_SIGN_ENTITLEMENTS = macOS/macOS.entitlements;
				CODE_SIGN_STYLE = Automatic;
				COMBINE_HIDPI_IMAGES = YES;
				DEVELOPMENT_TEAM = YBVLTH5SD7;
				ENABLE_HARDENED_RUNTIME = YES;
				ENABLE_PREVIEWS = YES;
				INFOPLIST_FILE = macOS/Info.plist;
				LD_RUNPATH_SEARCH_PATHS = (
					"$(inherited)",
					"@executable_path/../Frameworks",
				);
				MACOSX_DEPLOYMENT_TARGET = 11.0;
				PRODUCT_BUNDLE_IDENTIFIER = "com.flamingarch.swiftui-unit-converter";
				PRODUCT_NAME = "swiftui-unit-converter";
				SDKROOT = macosx;
				SWIFT_VERSION = 5.0;
			};
			name = Release;
		};
/* End XCBuildConfiguration section */

/* Begin XCConfigurationList section */
		34CF550E2655043400B0DCF7 /* Build configuration list for PBXProject "swiftui-unit-converter" */ = {
			isa = XCConfigurationList;
			buildConfigurations = (
				34CF55292655043500B0DCF7 /* Debug */,
				34CF552A2655043500B0DCF7 /* Release */,
			);
			defaultConfigurationIsVisible = 0;
			defaultConfigurationName = Release;
		};
		34CF552B2655043500B0DCF7 /* Build configuration list for PBXNativeTarget "swiftui-unit-converter (iOS)" */ = {
			isa = XCConfigurationList;
			buildConfigurations = (
				34CF552C2655043500B0DCF7 /* Debug */,
				34CF552D2655043500B0DCF7 /* Release */,
			);
			defaultConfigurationIsVisible = 0;
			defaultConfigurationName = Release;
		};
		34CF552E2655043500B0DCF7 /* Build configuration list for PBXNativeTarget "swiftui-unit-converter (macOS)" */ = {
			isa = XCConfigurationList;
			buildConfigurations = (
				34CF552F2655043500B0DCF7 /* Debug */,
				34CF55302655043500B0DCF7 /* Release */,
			);
			defaultConfigurationIsVisible = 0;
			defaultConfigurationName = Release;
		};
/* End XCConfigurationList section */
	};
	rootObject = 34CF550B2655043400B0DCF7 /* Project object */;
}
